// !$*UTF8*$!
{
	archiveVersion = 1;
	classes = {
	};
	objectVersion = 48;
	objects = {

/* Begin PBXBuildFile section */
		0E348A8B20EFBEF6007A9F5F /* Game.swift in Sources */ = {isa = PBXBuildFile; fileRef = 0E348A8A20EFBEF6007A9F5F /* Game.swift */; };
		0E348A8D20F24BF3007A9F5F /* Timer.swift in Sources */ = {isa = PBXBuildFile; fileRef = 0E348A8C20F24BF3007A9F5F /* Timer.swift */; };
		0E4ECF0520EEE892008FA3A4 /* makeTarget.swift in Sources */ = {isa = PBXBuildFile; fileRef = 0E4ECF0420EEE892008FA3A4 /* makeTarget.swift */; };
		0E8FD3D92110B44D001D90E7 /* PopOverViewController.swift in Sources */ = {isa = PBXBuildFile; fileRef = 0E8FD3D82110B44D001D90E7 /* PopOverViewController.swift */; };
		0E9AA25B20E68E09008D3E4A /* TargetsController.swift in Sources */ = {isa = PBXBuildFile; fileRef = 0E9AA25A20E68E09008D3E4A /* TargetsController.swift */; };
		0E9AA25D20E698AE008D3E4A /* BitMaskCategoryEnum.swift in Sources */ = {isa = PBXBuildFile; fileRef = 0E9AA25C20E698AE008D3E4A /* BitMaskCategoryEnum.swift */; };
		0E9AA25F20E6A203008D3E4A /* createFloor.swift in Sources */ = {isa = PBXBuildFile; fileRef = 0E9AA25E20E6A203008D3E4A /* createFloor.swift */; };
		0E9AA26120E6A4B7008D3E4A /* placeGoal.swift in Sources */ = {isa = PBXBuildFile; fileRef = 0E9AA26020E6A4B7008D3E4A /* placeGoal.swift */; };
		0EAE55E820D9CAD700702DD3 /* art.scnassets in Resources */ = {isa = PBXBuildFile; fileRef = 62B27BFA20D82D41003D9572 /* art.scnassets */; };
		62B27BF920D827D8003D9572 /* ARSceneViewController.swift in Sources */ = {isa = PBXBuildFile; fileRef = 62B27BF820D827D8003D9572 /* ARSceneViewController.swift */; };
		62DACD8C20D2C9FC00B7BBA7 /* AppDelegate.swift in Sources */ = {isa = PBXBuildFile; fileRef = 62DACD8B20D2C9FC00B7BBA7 /* AppDelegate.swift */; };
		62DACD8E20D2C9FC00B7BBA7 /* HomeScreenViewController.swift in Sources */ = {isa = PBXBuildFile; fileRef = 62DACD8D20D2C9FC00B7BBA7 /* HomeScreenViewController.swift */; };
		62DACD9120D2C9FC00B7BBA7 /* Main.storyboard in Resources */ = {isa = PBXBuildFile; fileRef = 62DACD8F20D2C9FC00B7BBA7 /* Main.storyboard */; };
		62DACD9320D2C9FC00B7BBA7 /* Assets.xcassets in Resources */ = {isa = PBXBuildFile; fileRef = 62DACD9220D2C9FC00B7BBA7 /* Assets.xcassets */; };
		62DACD9620D2C9FC00B7BBA7 /* LaunchScreen.storyboard in Resources */ = {isa = PBXBuildFile; fileRef = 62DACD9420D2C9FC00B7BBA7 /* LaunchScreen.storyboard */; };
		62DACD9E20D2CA9800B7BBA7 /* LogInViewController.swift in Sources */ = {isa = PBXBuildFile; fileRef = 62DACD9D20D2CA9800B7BBA7 /* LogInViewController.swift */; };
		62DACDA020D2CAC000B7BBA7 /* SignUpViewController.swift in Sources */ = {isa = PBXBuildFile; fileRef = 62DACD9F20D2CAC000B7BBA7 /* SignUpViewController.swift */; };
		62DACDA220D2CB0500B7BBA7 /* OverviewViewController.swift in Sources */ = {isa = PBXBuildFile; fileRef = 62DACDA120D2CB0500B7BBA7 /* OverviewViewController.swift */; };
		62DACDA820D2F72C00B7BBA7 /* GoogleService-Info.plist in Resources */ = {isa = PBXBuildFile; fileRef = 62DACDA720D2F69E00B7BBA7 /* GoogleService-Info.plist */; };
		853D3D53E1FBB7D454DC8F1D /* Pods_Irrigate.framework in Frameworks */ = {isa = PBXBuildFile; fileRef = 4EB0985B0F933497751F198D /* Pods_Irrigate.framework */; };
/* End PBXBuildFile section */

/* Begin PBXFileReference section */
		0D721EFADCF741EA0235D577 /* Pods-Irrigate.debug.xcconfig */ = {isa = PBXFileReference; includeInIndex = 1; lastKnownFileType = text.xcconfig; name = "Pods-Irrigate.debug.xcconfig"; path = "Pods/Target Support Files/Pods-Irrigate/Pods-Irrigate.debug.xcconfig"; sourceTree = "<group>"; };
		0E348A8A20EFBEF6007A9F5F /* Game.swift */ = {isa = PBXFileReference; lastKnownFileType = sourcecode.swift; path = Game.swift; sourceTree = "<group>"; };
		0E348A8C20F24BF3007A9F5F /* Timer.swift */ = {isa = PBXFileReference; lastKnownFileType = sourcecode.swift; path = Timer.swift; sourceTree = "<group>"; };
		0E4ECF0420EEE892008FA3A4 /* makeTarget.swift */ = {isa = PBXFileReference; lastKnownFileType = sourcecode.swift; path = makeTarget.swift; sourceTree = "<group>"; };
		0E8FD3D82110B44D001D90E7 /* PopOverViewController.swift */ = {isa = PBXFileReference; lastKnownFileType = sourcecode.swift; path = PopOverViewController.swift; sourceTree = "<group>"; };
		0E9AA25A20E68E09008D3E4A /* TargetsController.swift */ = {isa = PBXFileReference; lastKnownFileType = sourcecode.swift; path = TargetsController.swift; sourceTree = "<group>"; };
		0E9AA25C20E698AE008D3E4A /* BitMaskCategoryEnum.swift */ = {isa = PBXFileReference; lastKnownFileType = sourcecode.swift; path = BitMaskCategoryEnum.swift; sourceTree = "<group>"; };
		0E9AA25E20E6A203008D3E4A /* createFloor.swift */ = {isa = PBXFileReference; lastKnownFileType = sourcecode.swift; path = createFloor.swift; sourceTree = "<group>"; };
		0E9AA26020E6A4B7008D3E4A /* placeGoal.swift */ = {isa = PBXFileReference; lastKnownFileType = sourcecode.swift; path = placeGoal.swift; sourceTree = "<group>"; };
		1A008BECC71A2D3639EEE609 /* Pods-Irrigate.release.xcconfig */ = {isa = PBXFileReference; includeInIndex = 1; lastKnownFileType = text.xcconfig; name = "Pods-Irrigate.release.xcconfig"; path = "Pods/Target Support Files/Pods-Irrigate/Pods-Irrigate.release.xcconfig"; sourceTree = "<group>"; };
		4EB0985B0F933497751F198D /* Pods_Irrigate.framework */ = {isa = PBXFileReference; explicitFileType = wrapper.framework; includeInIndex = 0; path = Pods_Irrigate.framework; sourceTree = BUILT_PRODUCTS_DIR; };
		62B27BF820D827D8003D9572 /* ARSceneViewController.swift */ = {isa = PBXFileReference; lastKnownFileType = sourcecode.swift; path = ARSceneViewController.swift; sourceTree = "<group>"; };
		62B27BFA20D82D41003D9572 /* art.scnassets */ = {isa = PBXFileReference; lastKnownFileType = wrapper.scnassets; path = art.scnassets; sourceTree = "<group>"; };
		62DACD8820D2C9FC00B7BBA7 /* Irrigate.app */ = {isa = PBXFileReference; explicitFileType = wrapper.application; includeInIndex = 0; path = Irrigate.app; sourceTree = BUILT_PRODUCTS_DIR; };
		62DACD8B20D2C9FC00B7BBA7 /* AppDelegate.swift */ = {isa = PBXFileReference; lastKnownFileType = sourcecode.swift; path = AppDelegate.swift; sourceTree = "<group>"; };
		62DACD8D20D2C9FC00B7BBA7 /* HomeScreenViewController.swift */ = {isa = PBXFileReference; lastKnownFileType = sourcecode.swift; path = HomeScreenViewController.swift; sourceTree = "<group>"; };
		62DACD9020D2C9FC00B7BBA7 /* Base */ = {isa = PBXFileReference; lastKnownFileType = file.storyboard; name = Base; path = Base.lproj/Main.storyboard; sourceTree = "<group>"; };
		62DACD9220D2C9FC00B7BBA7 /* Assets.xcassets */ = {isa = PBXFileReference; lastKnownFileType = folder.assetcatalog; path = Assets.xcassets; sourceTree = "<group>"; };
		62DACD9520D2C9FC00B7BBA7 /* Base */ = {isa = PBXFileReference; lastKnownFileType = file.storyboard; name = Base; path = Base.lproj/LaunchScreen.storyboard; sourceTree = "<group>"; };
		62DACD9720D2C9FC00B7BBA7 /* Info.plist */ = {isa = PBXFileReference; lastKnownFileType = text.plist.xml; path = Info.plist; sourceTree = "<group>"; };
		62DACD9D20D2CA9800B7BBA7 /* LogInViewController.swift */ = {isa = PBXFileReference; lastKnownFileType = sourcecode.swift; path = LogInViewController.swift; sourceTree = "<group>"; };
		62DACD9F20D2CAC000B7BBA7 /* SignUpViewController.swift */ = {isa = PBXFileReference; lastKnownFileType = sourcecode.swift; path = SignUpViewController.swift; sourceTree = "<group>"; };
		62DACDA120D2CB0500B7BBA7 /* OverviewViewController.swift */ = {isa = PBXFileReference; lastKnownFileType = sourcecode.swift; path = OverviewViewController.swift; sourceTree = "<group>"; };
		62DACDA620D2F51C00B7BBA7 /* GoogleService-Info.plist */ = {isa = PBXFileReference; lastKnownFileType = text.plist.xml; path = "GoogleService-Info.plist"; sourceTree = "<group>"; };
		62DACDA720D2F69E00B7BBA7 /* GoogleService-Info.plist */ = {isa = PBXFileReference; lastKnownFileType = text.plist.xml; path = "GoogleService-Info.plist"; sourceTree = "<group>"; };
/* End PBXFileReference section */

/* Begin PBXFrameworksBuildPhase section */
		62DACD8520D2C9FC00B7BBA7 /* Frameworks */ = {
			isa = PBXFrameworksBuildPhase;
			buildActionMask = 2147483647;
			files = (
				853D3D53E1FBB7D454DC8F1D /* Pods_Irrigate.framework in Frameworks */,
			);
			runOnlyForDeploymentPostprocessing = 0;
		};
/* End PBXFrameworksBuildPhase section */

/* Begin PBXGroup section */
		45DC6D02F41E37AD46C54E59 /* Frameworks */ = {
			isa = PBXGroup;
			children = (
				4EB0985B0F933497751F198D /* Pods_Irrigate.framework */,
			);
			name = Frameworks;
			sourceTree = "<group>";
		};
		62DACD7F20D2C9FC00B7BBA7 = {
			isa = PBXGroup;
			children = (
				62DACD8A20D2C9FC00B7BBA7 /* Irrigate */,
				62DACD8920D2C9FC00B7BBA7 /* Products */,
				772F7ECE19C09846D56E52A3 /* Pods */,
				45DC6D02F41E37AD46C54E59 /* Frameworks */,
			);
			sourceTree = "<group>";
		};
		62DACD8920D2C9FC00B7BBA7 /* Products */ = {
			isa = PBXGroup;
			children = (
				62DACD8820D2C9FC00B7BBA7 /* Irrigate.app */,
			);
			name = Products;
			sourceTree = "<group>";
		};
		62DACD8A20D2C9FC00B7BBA7 /* Irrigate */ = {
			isa = PBXGroup;
			children = (
				62DACD8B20D2C9FC00B7BBA7 /* AppDelegate.swift */,
				62DACDA320D2DBE900B7BBA7 /* Controllers */,
				62DACDA420D2DBFA00B7BBA7 /* Views */,
				62DACDA520D2DC0C00B7BBA7 /* Supporting Files */,
				62DACD9720D2C9FC00B7BBA7 /* Info.plist */,
				62DACDA720D2F69E00B7BBA7 /* GoogleService-Info.plist */,
			);
			path = Irrigate;
			sourceTree = "<group>";
		};
		62DACDA320D2DBE900B7BBA7 /* Controllers */ = {
			isa = PBXGroup;
			children = (
				62B27BF820D827D8003D9572 /* ARSceneViewController.swift */,
				62DACD8D20D2C9FC00B7BBA7 /* HomeScreenViewController.swift */,
				62DACDA120D2CB0500B7BBA7 /* OverviewViewController.swift */,
				62DACD9F20D2CAC000B7BBA7 /* SignUpViewController.swift */,
				62DACD9D20D2CA9800B7BBA7 /* LogInViewController.swift */,
				0E9AA25A20E68E09008D3E4A /* TargetsController.swift */,
				0E9AA25C20E698AE008D3E4A /* BitMaskCategoryEnum.swift */,
				0E9AA25E20E6A203008D3E4A /* createFloor.swift */,
				0E9AA26020E6A4B7008D3E4A /* placeGoal.swift */,
				0E4ECF0420EEE892008FA3A4 /* makeTarget.swift */,
				0E348A8A20EFBEF6007A9F5F /* Game.swift */,
				0E348A8C20F24BF3007A9F5F /* Timer.swift */,
				0E8FD3D82110B44D001D90E7 /* PopOverViewController.swift */,
			);
			path = Controllers;
			sourceTree = "<group>";
		};
		62DACDA420D2DBFA00B7BBA7 /* Views */ = {
			isa = PBXGroup;
			children = (
				62DACD8F20D2C9FC00B7BBA7 /* Main.storyboard */,
			);
			path = Views;
			sourceTree = "<group>";
		};
		62DACDA520D2DC0C00B7BBA7 /* Supporting Files */ = {
			isa = PBXGroup;
			children = (
				62B27BFA20D82D41003D9572 /* art.scnassets */,
				62DACD9220D2C9FC00B7BBA7 /* Assets.xcassets */,
				62DACD9420D2C9FC00B7BBA7 /* LaunchScreen.storyboard */,
				62DACDA620D2F51C00B7BBA7 /* GoogleService-Info.plist */,
			);
			path = "Supporting Files";
			sourceTree = "<group>";
		};
		772F7ECE19C09846D56E52A3 /* Pods */ = {
			isa = PBXGroup;
			children = (
				0D721EFADCF741EA0235D577 /* Pods-Irrigate.debug.xcconfig */,
				1A008BECC71A2D3639EEE609 /* Pods-Irrigate.release.xcconfig */,
			);
			name = Pods;
			sourceTree = "<group>";
		};
/* End PBXGroup section */

/* Begin PBXNativeTarget section */
		62DACD8720D2C9FC00B7BBA7 /* Irrigate */ = {
			isa = PBXNativeTarget;
			buildConfigurationList = 62DACD9A20D2C9FC00B7BBA7 /* Build configuration list for PBXNativeTarget "Irrigate" */;
			buildPhases = (
				EADED7C0DA82637C6DF7BA30 /* [CP] Check Pods Manifest.lock */,
				62DACD8420D2C9FC00B7BBA7 /* Sources */,
				62DACD8520D2C9FC00B7BBA7 /* Frameworks */,
				62DACD8620D2C9FC00B7BBA7 /* Resources */,
				4B42BE526A08D12084098C92 /* [CP] Embed Pods Frameworks */,
			);
			buildRules = (
			);
			dependencies = (
			);
			name = Irrigate;
			productName = Irrigate;
			productReference = 62DACD8820D2C9FC00B7BBA7 /* Irrigate.app */;
			productType = "com.apple.product-type.application";
		};
/* End PBXNativeTarget section */

/* Begin PBXProject section */
		62DACD8020D2C9FC00B7BBA7 /* Project object */ = {
			isa = PBXProject;
			attributes = {
				LastSwiftUpdateCheck = 0900;
				LastUpgradeCheck = 0900;
				ORGANIZATIONNAME = IrrigateMsg;
				TargetAttributes = {
					62DACD8720D2C9FC00B7BBA7 = {
						CreatedOnToolsVersion = 9.0;
						ProvisioningStyle = Automatic;
					};
				};
			};
			buildConfigurationList = 62DACD8320D2C9FC00B7BBA7 /* Build configuration list for PBXProject "Irrigate" */;
			compatibilityVersion = "Xcode 8.0";
			developmentRegion = en;
			hasScannedForEncodings = 0;
			knownRegions = (
				en,
				Base,
			);
			mainGroup = 62DACD7F20D2C9FC00B7BBA7;
			productRefGroup = 62DACD8920D2C9FC00B7BBA7 /* Products */;
			projectDirPath = "";
			projectRoot = "";
			targets = (
				62DACD8720D2C9FC00B7BBA7 /* Irrigate */,
			);
		};
/* End PBXProject section */

/* Begin PBXResourcesBuildPhase section */
		62DACD8620D2C9FC00B7BBA7 /* Resources */ = {
			isa = PBXResourcesBuildPhase;
			buildActionMask = 2147483647;
			files = (
				0EAE55E820D9CAD700702DD3 /* art.scnassets in Resources */,
				62DACD9620D2C9FC00B7BBA7 /* LaunchScreen.storyboard in Resources */,
				62DACDA820D2F72C00B7BBA7 /* GoogleService-Info.plist in Resources */,
				62DACD9320D2C9FC00B7BBA7 /* Assets.xcassets in Resources */,
				62DACD9120D2C9FC00B7BBA7 /* Main.storyboard in Resources */,
			);
			runOnlyForDeploymentPostprocessing = 0;
		};
/* End PBXResourcesBuildPhase section */

/* Begin PBXShellScriptBuildPhase section */
		4B42BE526A08D12084098C92 /* [CP] Embed Pods Frameworks */ = {
			isa = PBXShellScriptBuildPhase;
			buildActionMask = 2147483647;
			files = (
			);
			inputPaths = (
				"${SRCROOT}/Pods/Target Support Files/Pods-Irrigate/Pods-Irrigate-frameworks.sh",
				"${BUILT_PRODUCTS_DIR}/Each/Each.framework",
				"${BUILT_PRODUCTS_DIR}/GTMSessionFetcher/GTMSessionFetcher.framework",
				"${BUILT_PRODUCTS_DIR}/GoogleToolboxForMac/GoogleToolboxForMac.framework",
				"${BUILT_PRODUCTS_DIR}/PKHUD/PKHUD.framework",
				"${BUILT_PRODUCTS_DIR}/leveldb-library/leveldb.framework",
				"${BUILT_PRODUCTS_DIR}/nanopb/nanopb.framework",
			);
			name = "[CP] Embed Pods Frameworks";
			outputPaths = (
				"${TARGET_BUILD_DIR}/${FRAMEWORKS_FOLDER_PATH}/Each.framework",
				"${TARGET_BUILD_DIR}/${FRAMEWORKS_FOLDER_PATH}/GTMSessionFetcher.framework",
				"${TARGET_BUILD_DIR}/${FRAMEWORKS_FOLDER_PATH}/GoogleToolboxForMac.framework",
				"${TARGET_BUILD_DIR}/${FRAMEWORKS_FOLDER_PATH}/PKHUD.framework",
				"${TARGET_BUILD_DIR}/${FRAMEWORKS_FOLDER_PATH}/leveldb.framework",
				"${TARGET_BUILD_DIR}/${FRAMEWORKS_FOLDER_PATH}/nanopb.framework",
			);
			runOnlyForDeploymentPostprocessing = 0;
			shellPath = /bin/sh;
			shellScript = "\"${SRCROOT}/Pods/Target Support Files/Pods-Irrigate/Pods-Irrigate-frameworks.sh\"\n";
			showEnvVarsInLog = 0;
		};
		EADED7C0DA82637C6DF7BA30 /* [CP] Check Pods Manifest.lock */ = {
			isa = PBXShellScriptBuildPhase;
			buildActionMask = 2147483647;
			files = (
			);
			inputPaths = (
				"${PODS_PODFILE_DIR_PATH}/Podfile.lock",
				"${PODS_ROOT}/Manifest.lock",
			);
			name = "[CP] Check Pods Manifest.lock";
			outputPaths = (
				"$(DERIVED_FILE_DIR)/Pods-Irrigate-checkManifestLockResult.txt",
			);
			runOnlyForDeploymentPostprocessing = 0;
			shellPath = /bin/sh;
			shellScript = "diff \"${PODS_PODFILE_DIR_PATH}/Podfile.lock\" \"${PODS_ROOT}/Manifest.lock\" > /dev/null\nif [ $? != 0 ] ; then\n    # print error to STDERR\n    echo \"error: The sandbox is not in sync with the Podfile.lock. Run 'pod install' or update your CocoaPods installation.\" >&2\n    exit 1\nfi\n# This output is used by Xcode 'outputs' to avoid re-running this script phase.\necho \"SUCCESS\" > \"${SCRIPT_OUTPUT_FILE_0}\"\n";
			showEnvVarsInLog = 0;
		};
/* End PBXShellScriptBuildPhase section */

/* Begin PBXSourcesBuildPhase section */
		62DACD8420D2C9FC00B7BBA7 /* Sources */ = {
			isa = PBXSourcesBuildPhase;
			buildActionMask = 2147483647;
			files = (
				0E348A8B20EFBEF6007A9F5F /* Game.swift in Sources */,
				62B27BF920D827D8003D9572 /* ARSceneViewController.swift in Sources */,
				0E8FD3D92110B44D001D90E7 /* PopOverViewController.swift in Sources */,
				0E9AA25B20E68E09008D3E4A /* TargetsController.swift in Sources */,
				0E4ECF0520EEE892008FA3A4 /* makeTarget.swift in Sources */,
				0E348A8D20F24BF3007A9F5F /* Timer.swift in Sources */,
				62DACD8E20D2C9FC00B7BBA7 /* HomeScreenViewController.swift in Sources */,
				0E9AA25F20E6A203008D3E4A /* createFloor.swift in Sources */,
				62DACD8C20D2C9FC00B7BBA7 /* AppDelegate.swift in Sources */,
				62DACDA220D2CB0500B7BBA7 /* OverviewViewController.swift in Sources */,
				62DACDA020D2CAC000B7BBA7 /* SignUpViewController.swift in Sources */,
				0E9AA25D20E698AE008D3E4A /* BitMaskCategoryEnum.swift in Sources */,
				62DACD9E20D2CA9800B7BBA7 /* LogInViewController.swift in Sources */,
				0E9AA26120E6A4B7008D3E4A /* placeGoal.swift in Sources */,
			);
			runOnlyForDeploymentPostprocessing = 0;
		};
/* End PBXSourcesBuildPhase section */

/* Begin PBXVariantGroup section */
		62DACD8F20D2C9FC00B7BBA7 /* Main.storyboard */ = {
			isa = PBXVariantGroup;
			children = (
				62DACD9020D2C9FC00B7BBA7 /* Base */,
			);
			name = Main.storyboard;
			sourceTree = "<group>";
		};
		62DACD9420D2C9FC00B7BBA7 /* LaunchScreen.storyboard */ = {
			isa = PBXVariantGroup;
			children = (
				62DACD9520D2C9FC00B7BBA7 /* Base */,
			);
			name = LaunchScreen.storyboard;
			sourceTree = "<group>";
		};
/* End PBXVariantGroup section */

/* Begin XCBuildConfiguration section */
		62DACD9820D2C9FC00B7BBA7 /* Debug */ = {
			isa = XCBuildConfiguration;
			buildSettings = {
				ALWAYS_SEARCH_USER_PATHS = NO;
				CLANG_ANALYZER_NONNULL = YES;
				CLANG_ANALYZER_NUMBER_OBJECT_CONVERSION = YES_AGGRESSIVE;
				CLANG_CXX_LANGUAGE_STANDARD = "gnu++14";
				CLANG_CXX_LIBRARY = "libc++";
				CLANG_ENABLE_MODULES = YES;
				CLANG_ENABLE_OBJC_ARC = YES;
				CLANG_WARN_BLOCK_CAPTURE_AUTORELEASING = YES;
				CLANG_WARN_BOOL_CONVERSION = YES;
				CLANG_WARN_COMMA = YES;
				CLANG_WARN_CONSTANT_CONVERSION = YES;
				CLANG_WARN_DIRECT_OBJC_ISA_USAGE = YES_ERROR;
				CLANG_WARN_DOCUMENTATION_COMMENTS = YES;
				CLANG_WARN_EMPTY_BODY = YES;
				CLANG_WARN_ENUM_CONVERSION = YES;
				CLANG_WARN_INFINITE_RECURSION = YES;
				CLANG_WARN_INT_CONVERSION = YES;
				CLANG_WARN_NON_LITERAL_NULL_CONVERSION = YES;
				CLANG_WARN_OBJC_LITERAL_CONVERSION = YES;
				CLANG_WARN_OBJC_ROOT_CLASS = YES_ERROR;
				CLANG_WARN_RANGE_LOOP_ANALYSIS = YES;
				CLANG_WARN_STRICT_PROTOTYPES = YES;
				CLANG_WARN_SUSPICIOUS_MOVE = YES;
				CLANG_WARN_UNGUARDED_AVAILABILITY = YES_AGGRESSIVE;
				CLANG_WARN_UNREACHABLE_CODE = YES;
				CLANG_WARN__DUPLICATE_METHOD_MATCH = YES;
				CODE_SIGN_IDENTITY = "iPhone Developer";
				COPY_PHASE_STRIP = NO;
				DEBUG_INFORMATION_FORMAT = dwarf;
				ENABLE_STRICT_OBJC_MSGSEND = YES;
				ENABLE_TESTABILITY = YES;
				GCC_C_LANGUAGE_STANDARD = gnu11;
				GCC_DYNAMIC_NO_PIC = NO;
				GCC_NO_COMMON_BLOCKS = YES;
				GCC_OPTIMIZATION_LEVEL = 0;
				GCC_PREPROCESSOR_DEFINITIONS = (
					"DEBUG=1",
					"$(inherited)",
				);
				GCC_WARN_64_TO_32_BIT_CONVERSION = YES;
				GCC_WARN_ABOUT_RETURN_TYPE = YES_ERROR;
				GCC_WARN_UNDECLARED_SELECTOR = YES;
				GCC_WARN_UNINITIALIZED_AUTOS = YES_AGGRESSIVE;
				GCC_WARN_UNUSED_FUNCTION = YES;
				GCC_WARN_UNUSED_VARIABLE = YES;
				IPHONEOS_DEPLOYMENT_TARGET = 11.0;
				MTL_ENABLE_DEBUG_INFO = YES;
				ONLY_ACTIVE_ARCH = YES;
				SDKROOT = iphoneos;
				SWIFT_ACTIVE_COMPILATION_CONDITIONS = DEBUG;
				SWIFT_OPTIMIZATION_LEVEL = "-Onone";
			};
			name = Debug;
		};
		62DACD9920D2C9FC00B7BBA7 /* Release */ = {
			isa = XCBuildConfiguration;
			buildSettings = {
				ALWAYS_SEARCH_USER_PATHS = NO;
				CLANG_ANALYZER_NONNULL = YES;
				CLANG_ANALYZER_NUMBER_OBJECT_CONVERSION = YES_AGGRESSIVE;
				CLANG_CXX_LANGUAGE_STANDARD = "gnu++14";
				CLANG_CXX_LIBRARY = "libc++";
				CLANG_ENABLE_MODULES = YES;
				CLANG_ENABLE_OBJC_ARC = YES;
				CLANG_WARN_BLOCK_CAPTURE_AUTORELEASING = YES;
				CLANG_WARN_BOOL_CONVERSION = YES;
				CLANG_WARN_COMMA = YES;
				CLANG_WARN_CONSTANT_CONVERSION = YES;
				CLANG_WARN_DIRECT_OBJC_ISA_USAGE = YES_ERROR;
				CLANG_WARN_DOCUMENTATION_COMMENTS = YES;
				CLANG_WARN_EMPTY_BODY = YES;
				CLANG_WARN_ENUM_CONVERSION = YES;
				CLANG_WARN_INFINITE_RECURSION = YES;
				CLANG_WARN_INT_CONVERSION = YES;
				CLANG_WARN_NON_LITERAL_NULL_CONVERSION = YES;
				CLANG_WARN_OBJC_LITERAL_CONVERSION = YES;
				CLANG_WARN_OBJC_ROOT_CLASS = YES_ERROR;
				CLANG_WARN_RANGE_LOOP_ANALYSIS = YES;
				CLANG_WARN_STRICT_PROTOTYPES = YES;
				CLANG_WARN_SUSPICIOUS_MOVE = YES;
				CLANG_WARN_UNGUARDED_AVAILABILITY = YES_AGGRESSIVE;
				CLANG_WARN_UNREACHABLE_CODE = YES;
				CLANG_WARN__DUPLICATE_METHOD_MATCH = YES;
				CODE_SIGN_IDENTITY = "iPhone Developer";
				COPY_PHASE_STRIP = NO;
				DEBUG_INFORMATION_FORMAT = "dwarf-with-dsym";
				ENABLE_NS_ASSERTIONS = NO;
				ENABLE_STRICT_OBJC_MSGSEND = YES;
				GCC_C_LANGUAGE_STANDARD = gnu11;
				GCC_NO_COMMON_BLOCKS = YES;
				GCC_WARN_64_TO_32_BIT_CONVERSION = YES;
				GCC_WARN_ABOUT_RETURN_TYPE = YES_ERROR;
				GCC_WARN_UNDECLARED_SELECTOR = YES;
				GCC_WARN_UNINITIALIZED_AUTOS = YES_AGGRESSIVE;
				GCC_WARN_UNUSED_FUNCTION = YES;
				GCC_WARN_UNUSED_VARIABLE = YES;
				IPHONEOS_DEPLOYMENT_TARGET = 11.0;
				MTL_ENABLE_DEBUG_INFO = NO;
				SDKROOT = iphoneos;
				SWIFT_OPTIMIZATION_LEVEL = "-Owholemodule";
				VALIDATE_PRODUCT = YES;
			};
			name = Release;
		};
		62DACD9B20D2C9FC00B7BBA7 /* Debug */ = {
			isa = XCBuildConfiguration;
			baseConfigurationReference = 0D721EFADCF741EA0235D577 /* Pods-Irrigate.debug.xcconfig */;
			buildSettings = {
				ASSETCATALOG_COMPILER_APPICON_NAME = AppIcon;
				CODE_SIGN_STYLE = Automatic;
				DEVELOPMENT_TEAM = 9572K9GQRB;
				INFOPLIST_FILE = Irrigate/Info.plist;
				LD_RUNPATH_SEARCH_PATHS = "$(inherited) @executable_path/Frameworks";
				PRODUCT_BUNDLE_IDENTIFIER = com.IrrigateMsg.Irrigate;
				PRODUCT_NAME = "$(TARGET_NAME)";
				SWIFT_VERSION = 4.0;
				TARGETED_DEVICE_FAMILY = "1,2";
			};
			name = Debug;
		};
		62DACD9C20D2C9FC00B7BBA7 /* Release */ = {
			isa = XCBuildConfiguration;
			baseConfigurationReference = 1A008BECC71A2D3639EEE609 /* Pods-Irrigate.release.xcconfig */;
			buildSettings = {
				ASSETCATALOG_COMPILER_APPICON_NAME = AppIcon;
				CODE_SIGN_STYLE = Automatic;
				DEVELOPMENT_TEAM = 9572K9GQRB;
				INFOPLIST_FILE = Irrigate/Info.plist;
				LD_RUNPATH_SEARCH_PATHS = "$(inherited) @executable_path/Frameworks";
				PRODUCT_BUNDLE_IDENTIFIER = com.IrrigateMsg.Irrigate;
				PRODUCT_NAME = "$(TARGET_NAME)";
				SWIFT_VERSION = 4.0;
				TARGETED_DEVICE_FAMILY = "1,2";
			};
			name = Release;
		};
/* End XCBuildConfiguration section */

/* Begin XCConfigurationList section */
		62DACD8320D2C9FC00B7BBA7 /* Build configuration list for PBXProject "Irrigate" */ = {
			isa = XCConfigurationList;
			buildConfigurations = (
				62DACD9820D2C9FC00B7BBA7 /* Debug */,
				62DACD9920D2C9FC00B7BBA7 /* Release */,
			);
			defaultConfigurationIsVisible = 0;
			defaultConfigurationName = Release;
		};
		62DACD9A20D2C9FC00B7BBA7 /* Build configuration list for PBXNativeTarget "Irrigate" */ = {
			isa = XCConfigurationList;
			buildConfigurations = (
				62DACD9B20D2C9FC00B7BBA7 /* Debug */,
				62DACD9C20D2C9FC00B7BBA7 /* Release */,
			);
			defaultConfigurationIsVisible = 0;
			defaultConfigurationName = Release;
		};
/* End XCConfigurationList section */
	};
	rootObject = 62DACD8020D2C9FC00B7BBA7 /* Project object */;
}
